
Microsoft Visual Studio Solution File, Format Version 12.00
# Visual Studio Version 17
VisualStudioVersion = 17.0.31903.59
MinimumVisualStudioVersion = 10.0.40219.1
Project("{FAE04EC0-301F-11D3-BF4B-00C04F79EFBC}") = "Lilui", "Lilui\Lilui.csproj", "{32DFBCBC-79FF-41DF-85FA-406724C614F0}"
EndProject
Project("{2150E333-8FDC-42A3-9474-1A3956D46DE8}") = "Samples", "Samples", "{29B35C2A-55A6-44C5-A8FB-5C50501E55ED}"
EndProject
Project("{FAE04EC0-301F-11D3-BF4B-00C04F79EFBC}") = "ControlCatalog", "Samples\ControlCatalog\ControlCatalog.csproj", "{88DBD6AB-7F0F-42A0-86B6-173BCB202233}"
EndProject
Global
	GlobalSection(SolutionConfigurationPlatforms) = preSolution
		Debug|Any CPU = Debug|Any CPU
		Release|Any CPU = Release|Any CPU
	EndGlobalSection
	GlobalSection(SolutionProperties) = preSolution
		HideSolutionNode = FALSE
	EndGlobalSection
	GlobalSection(ProjectConfigurationPlatforms) = postSolution
		{32DFBCBC-79FF-41DF-85FA-406724C614F0}.Debug|Any CPU.ActiveCfg = Debug|Any CPU
		{32DFBCBC-79FF-41DF-85FA-406724C614F0}.Debug|Any CPU.Build.0 = Debug|Any CPU
		{32DFBCBC-79FF-41DF-85FA-406724C614F0}.Release|Any CPU.ActiveCfg = Release|Any CPU
		{32DFBCBC-79FF-41DF-85FA-406724C614F0}.Release|Any CPU.Build.0 = Release|Any CPU
		{88DBD6AB-7F0F-42A0-86B6-173BCB202233}.Debug|Any CPU.ActiveCfg = Debug|Any CPU
		{88DBD6AB-7F0F-42A0-86B6-173BCB202233}.Debug|Any CPU.Build.0 = Debug|Any CPU
		{88DBD6AB-7F0F-42A0-86B6-173BCB202233}.Release|Any CPU.ActiveCfg = Release|Any CPU
		{88DBD6AB-7F0F-42A0-86B6-173BCB202233}.Release|Any CPU.Build.0 = Release|Any CPU
	EndGlobalSection
	GlobalSection(NestedProjects) = preSolution
		{88DBD6AB-7F0F-42A0-86B6-173BCB202233} = {29B35C2A-55A6-44C5-A8FB-5C50501E55ED}
	EndGlobalSection
EndGlobal
